
Microsoft Visual Studio Solution File, Format Version 12.00
# Visual Studio Version 17
VisualStudioVersion = 17.12.35506.116
MinimumVisualStudioVersion = 10.0.40219.1
Project("{8BC9CEB8-8B4A-11D0-8D11-00A0C91BC942}") = "DWLabProject00", "DWLabProject00\DWLabProject00.vcxproj", "{F3460818-394E-45C8-A581-8476E00596C3}"
EndProject
Project("{8BC9CEB8-8B4A-11D0-8D11-00A0C91BC942}") = "DWLabProject01", "DWLabProject01\DWLabProject01.vcxproj", "{51DA81A1-D389-4747-9BE7-8C9A77A444EE}"
EndProject
Project("{8BC9CEB8-8B4A-11D0-8D11-00A0C91BC942}") = "DWLabProject02", "DWLabProject02\DWLabProject02.vcxproj", "{E9754375-0BE8-4048-8633-EE635F86C11F}"
EndProject
Project("{8BC9CEB8-8B4A-11D0-8D11-00A0C91BC942}") = "DWLabProject03", "DWLabProject03\DWLabProject03.vcxproj", "{8A488908-0374-4695-8CCA-61375A925248}"
EndProject
Project("{8BC9CEB8-8B4A-11D0-8D11-00A0C91BC942}") = "DWLabProject04", "DWLabProject04\DWLabProject04.vcxproj", "{45E4F89F-75CE-49D8-B14D-D5B11E490919}"
EndProject
Project("{8BC9CEB8-8B4A-11D0-8D11-00A0C91BC942}") = "DWLabProject05", "DWLabProject05\DWLabProject05.vcxproj", "{8B0AE30F-89A6-499B-9452-E48E5C9FFB16}"
EndProject
Project("{8BC9CEB8-8B4A-11D0-8D11-00A0C91BC942}") = "DWLabProject05-01", "DWLabProject05-01\DWLabProject05-01.vcxproj", "{33B514B6-4DD9-455A-A22F-77FE2CFE7BA7}"
EndProject
Project("{8BC9CEB8-8B4A-11D0-8D11-00A0C91BC942}") = "DWLabProject06", "DWLabProject06\DWLabProject06.vcxproj", "{0A9F1549-7A17-4AE6-94A3-2C0546758434}"
EndProject
Project("{8BC9CEB8-8B4A-11D0-8D11-00A0C91BC942}") = "DWLabProject07", "DWLabProject07\DWLabProject07.vcxproj", "{6B0E1E5A-7FE7-425C-8119-AF94D4684551}"
EndProject
Project("{8BC9CEB8-8B4A-11D0-8D11-00A0C91BC942}") = "DWLabProject08", "DWLabProject08\DWLabProject08.vcxproj", "{450AD162-BD59-4A93-BB3D-CD7F32762B9D}"
EndProject
Project("{8BC9CEB8-8B4A-11D0-8D11-00A0C91BC942}") = "DWLabProject09", "DWLabProject09\DWLabProject09.vcxproj", "{CF6CAFAC-2089-4353-8E6B-A5FC2F225FE8}"
EndProject
Project("{8BC9CEB8-8B4A-11D0-8D11-00A0C91BC942}") = "DWLabProject10", "DWLabProject10\DWLabProject10.vcxproj", "{4B0CC104-73E3-4C15-94BD-8C534C43E01A}"
EndProject
Project("{8BC9CEB8-8B4A-11D0-8D11-00A0C91BC942}") = "DWLabProject11", "DWLabProject11\DWLabProject11.vcxproj", "{1AD2E98D-6F03-41C1-9E48-7F3B73F1B2C6}"
EndProject
Project("{8BC9CEB8-8B4A-11D0-8D11-00A0C91BC942}") = "DWLabProject12", "DWLabProject12\DWLabProject12.vcxproj", "{76DAF8BA-0339-4E18-B02C-A339A10770B2}"
EndProject
Project("{8BC9CEB8-8B4A-11D0-8D11-00A0C91BC942}") = "DWLabProject13", "DWLabProject13\DWLabProject13.vcxproj", "{86CD6C3A-42F7-4DBD-8FB0-F9C39D476570}"
EndProject
Project("{8BC9CEB8-8B4A-11D0-8D11-00A0C91BC942}") = "DWLabProject14", "DWLabProject14\DWLabProject14.vcxproj", "{228CA351-B29D-49B1-B96B-9B4BDDF2910A}"
EndProject
Global
	GlobalSection(SolutionConfigurationPlatforms) = preSolution
		Debug|x64 = Debug|x64
		Debug|x86 = Debug|x86
		Release|x64 = Release|x64
		Release|x86 = Release|x86
	EndGlobalSection
	GlobalSection(ProjectConfigurationPlatforms) = postSolution
		{F3460818-394E-45C8-A581-8476E00596C3}.Debug|x64.ActiveCfg = Debug|x64
		{F3460818-394E-45C8-A581-8476E00596C3}.Debug|x64.Build.0 = Debug|x64
		{F3460818-394E-45C8-A581-8476E00596C3}.Debug|x86.ActiveCfg = Debug|Win32
		{F3460818-394E-45C8-A581-8476E00596C3}.Debug|x86.Build.0 = Debug|Win32
		{F3460818-394E-45C8-A581-8476E00596C3}.Release|x64.ActiveCfg = Release|x64
		{F3460818-394E-45C8-A581-8476E00596C3}.Release|x64.Build.0 = Release|x64
		{F3460818-394E-45C8-A581-8476E00596C3}.Release|x86.ActiveCfg = Release|Win32
		{F3460818-394E-45C8-A581-8476E00596C3}.Release|x86.Build.0 = Release|Win32
		{51DA81A1-D389-4747-9BE7-8C9A77A444EE}.Debug|x64.ActiveCfg = Debug|x64
		{51DA81A1-D389-4747-9BE7-8C9A77A444EE}.Debug|x64.Build.0 = Debug|x64
		{51DA81A1-D389-4747-9BE7-8C9A77A444EE}.Debug|x86.ActiveCfg = Debug|Win32
		{51DA81A1-D389-4747-9BE7-8C9A77A444EE}.Debug|x86.Build.0 = Debug|Win32
		{51DA81A1-D389-4747-9BE7-8C9A77A444EE}.Release|x64.ActiveCfg = Release|x64
		{51DA81A1-D389-4747-9BE7-8C9A77A444EE}.Release|x64.Build.0 = Release|x64
		{51DA81A1-D389-4747-9BE7-8C9A77A444EE}.Release|x86.ActiveCfg = Release|Win32
		{51DA81A1-D389-4747-9BE7-8C9A77A444EE}.Release|x86.Build.0 = Release|Win32
		{E9754375-0BE8-4048-8633-EE635F86C11F}.Debug|x64.ActiveCfg = Debug|x64
		{E9754375-0BE8-4048-8633-EE635F86C11F}.Debug|x64.Build.0 = Debug|x64
		{E9754375-0BE8-4048-8633-EE635F86C11F}.Debug|x86.ActiveCfg = Debug|Win32
		{E9754375-0BE8-4048-8633-EE635F86C11F}.Debug|x86.Build.0 = Debug|Win32
		{E9754375-0BE8-4048-8633-EE635F86C11F}.Release|x64.ActiveCfg = Release|x64
		{E9754375-0BE8-4048-8633-EE635F86C11F}.Release|x64.Build.0 = Release|x64
		{E9754375-0BE8-4048-8633-EE635F86C11F}.Release|x86.ActiveCfg = Release|Win32
		{E9754375-0BE8-4048-8633-EE635F86C11F}.Release|x86.Build.0 = Release|Win32
		{8A488908-0374-4695-8CCA-61375A925248}.Debug|x64.ActiveCfg = Debug|x64
		{8A488908-0374-4695-8CCA-61375A925248}.Debug|x64.Build.0 = Debug|x64
		{8A488908-0374-4695-8CCA-61375A925248}.Debug|x86.ActiveCfg = Debug|Win32
		{8A488908-0374-4695-8CCA-61375A925248}.Debug|x86.Build.0 = Debug|Win32
		{8A488908-0374-4695-8CCA-61375A925248}.Release|x64.ActiveCfg = Release|x64
		{8A488908-0374-4695-8CCA-61375A925248}.Release|x64.Build.0 = Release|x64
		{8A488908-0374-4695-8CCA-61375A925248}.Release|x86.ActiveCfg = Release|Win32
		{8A488908-0374-4695-8CCA-61375A925248}.Release|x86.Build.0 = Release|Win32
		{45E4F89F-75CE-49D8-B14D-D5B11E490919}.Debug|x64.ActiveCfg = Debug|x64
		{45E4F89F-75CE-49D8-B14D-D5B11E490919}.Debug|x64.Build.0 = Debug|x64
		{45E4F89F-75CE-49D8-B14D-D5B11E490919}.Debug|x86.ActiveCfg = Debug|Win32
		{45E4F89F-75CE-49D8-B14D-D5B11E490919}.Debug|x86.Build.0 = Debug|Win32
		{45E4F89F-75CE-49D8-B14D-D5B11E490919}.Release|x64.ActiveCfg = Release|x64
		{45E4F89F-75CE-49D8-B14D-D5B11E490919}.Release|x64.Build.0 = Release|x64
		{45E4F89F-75CE-49D8-B14D-D5B11E490919}.Release|x86.ActiveCfg = Release|Win32
		{45E4F89F-75CE-49D8-B14D-D5B11E490919}.Release|x86.Build.0 = Release|Win32
		{8B0AE30F-89A6-499B-9452-E48E5C9FFB16}.Debug|x64.ActiveCfg = Debug|x64
		{8B0AE30F-89A6-499B-9452-E48E5C9FFB16}.Debug|x64.Build.0 = Debug|x64
		{8B0AE30F-89A6-499B-9452-E48E5C9FFB16}.Debug|x86.ActiveCfg = Debug|Win32
		{8B0AE30F-89A6-499B-9452-E48E5C9FFB16}.Debug|x86.Build.0 = Debug|Win32
		{8B0AE30F-89A6-499B-9452-E48E5C9FFB16}.Release|x64.ActiveCfg = Release|x64
		{8B0AE30F-89A6-499B-9452-E48E5C9FFB16}.Release|x64.Build.0 = Release|x64
		{8B0AE30F-89A6-499B-9452-E48E5C9FFB16}.Release|x86.ActiveCfg = Release|Win32
		{8B0AE30F-89A6-499B-9452-E48E5C9FFB16}.Release|x86.Build.0 = Release|Win32
		{33B514B6-4DD9-455A-A22F-77FE2CFE7BA7}.Debug|x64.ActiveCfg = Debug|x64
		{33B514B6-4DD9-455A-A22F-77FE2CFE7BA7}.Debug|x64.Build.0 = Debug|x64
		{33B514B6-4DD9-455A-A22F-77FE2CFE7BA7}.Debug|x86.ActiveCfg = Debug|Win32
		{33B514B6-4DD9-455A-A22F-77FE2CFE7BA7}.Debug|x86.Build.0 = Debug|Win32
		{33B514B6-4DD9-455A-A22F-77FE2CFE7BA7}.Release|x64.ActiveCfg = Release|x64
		{33B514B6-4DD9-455A-A22F-77FE2CFE7BA7}.Release|x64.Build.0 = Release|x64
		{33B514B6-4DD9-455A-A22F-77FE2CFE7BA7}.Release|x86.ActiveCfg = Release|Win32
		{33B514B6-4DD9-455A-A22F-77FE2CFE7BA7}.Release|x86.Build.0 = Release|Win32
		{0A9F1549-7A17-4AE6-94A3-2C0546758434}.Debug|x64.ActiveCfg = Debug|x64
		{0A9F1549-7A17-4AE6-94A3-2C0546758434}.Debug|x64.Build.0 = Debug|x64
		{0A9F1549-7A17-4AE6-94A3-2C0546758434}.Debug|x86.ActiveCfg = Debug|Win32
		{0A9F1549-7A17-4AE6-94A3-2C0546758434}.Debug|x86.Build.0 = Debug|Win32
		{0A9F1549-7A17-4AE6-94A3-2C0546758434}.Release|x64.ActiveCfg = Release|x64
		{0A9F1549-7A17-4AE6-94A3-2C0546758434}.Release|x64.Build.0 = Release|x64
		{0A9F1549-7A17-4AE6-94A3-2C0546758434}.Release|x86.ActiveCfg = Release|Win32
		{0A9F1549-7A17-4AE6-94A3-2C0546758434}.Release|x86.Build.0 = Release|Win32
		{6B0E1E5A-7FE7-425C-8119-AF94D4684551}.Debug|x64.ActiveCfg = Debug|x64
		{6B0E1E5A-7FE7-425C-8119-AF94D4684551}.Debug|x64.Build.0 = Debug|x64
		{6B0E1E5A-7FE7-425C-8119-AF94D4684551}.Debug|x86.ActiveCfg = Debug|Win32
		{6B0E1E5A-7FE7-425C-8119-AF94D4684551}.Debug|x86.Build.0 = Debug|Win32
		{6B0E1E5A-7FE7-425C-8119-AF94D4684551}.Release|x64.ActiveCfg = Release|x64
		{6B0E1E5A-7FE7-425C-8119-AF94D4684551}.Release|x64.Build.0 = Release|x64
		{6B0E1E5A-7FE7-425C-8119-AF94D4684551}.Release|x86.ActiveCfg = Release|Win32
		{6B0E1E5A-7FE7-425C-8119-AF94D4684551}.Release|x86.Build.0 = Release|Win32
		{450AD162-BD59-4A93-BB3D-CD7F32762B9D}.Debug|x64.ActiveCfg = Debug|x64
		{450AD162-BD59-4A93-BB3D-CD7F32762B9D}.Debug|x64.Build.0 = Debug|x64
		{450AD162-BD59-4A93-BB3D-CD7F32762B9D}.Debug|x86.ActiveCfg = Debug|Win32
		{450AD162-BD59-4A93-BB3D-CD7F32762B9D}.Debug|x86.Build.0 = Debug|Win32
		{450AD162-BD59-4A93-BB3D-CD7F32762B9D}.Release|x64.ActiveCfg = Release|x64
		{450AD162-BD59-4A93-BB3D-CD7F32762B9D}.Release|x64.Build.0 = Release|x64
		{450AD162-BD59-4A93-BB3D-CD7F32762B9D}.Release|x86.ActiveCfg = Release|Win32
		{450AD162-BD59-4A93-BB3D-CD7F32762B9D}.Release|x86.Build.0 = Release|Win32
		{CF6CAFAC-2089-4353-8E6B-A5FC2F225FE8}.Debug|x64.ActiveCfg = Debug|x64
		{CF6CAFAC-2089-4353-8E6B-A5FC2F225FE8}.Debug|x64.Build.0 = Debug|x64
		{CF6CAFAC-2089-4353-8E6B-A5FC2F225FE8}.Debug|x86.ActiveCfg = Debug|Win32
		{CF6CAFAC-2089-4353-8E6B-A5FC2F225FE8}.Debug|x86.Build.0 = Debug|Win32
		{CF6CAFAC-2089-4353-8E6B-A5FC2F225FE8}.Release|x64.ActiveCfg = Release|x64
		{CF6CAFAC-2089-4353-8E6B-A5FC2F225FE8}.Release|x64.Build.0 = Release|x64
		{CF6CAFAC-2089-4353-8E6B-A5FC2F225FE8}.Release|x86.ActiveCfg = Release|Win32
		{CF6CAFAC-2089-4353-8E6B-A5FC2F225FE8}.Release|x86.Build.0 = Release|Win32
		{4B0CC104-73E3-4C15-94BD-8C534C43E01A}.Debug|x64.ActiveCfg = Debug|x64
		{4B0CC104-73E3-4C15-94BD-8C534C43E01A}.Debug|x64.Build.0 = Debug|x64
		{4B0CC104-73E3-4C15-94BD-8C534C43E01A}.Debug|x86.ActiveCfg = Debug|Win32
		{4B0CC104-73E3-4C15-94BD-8C534C43E01A}.Debug|x86.Build.0 = Debug|Win32
		{4B0CC104-73E3-4C15-94BD-8C534C43E01A}.Release|x64.ActiveCfg = Release|x64
		{4B0CC104-73E3-4C15-94BD-8C534C43E01A}.Release|x64.Build.0 = Release|x64
		{4B0CC104-73E3-4C15-94BD-8C534C43E01A}.Release|x86.ActiveCfg = Release|Win32
		{4B0CC104-73E3-4C15-94BD-8C534C43E01A}.Release|x86.Build.0 = Release|Win32
		{1AD2E98D-6F03-41C1-9E48-7F3B73F1B2C6}.Debug|x64.ActiveCfg = Debug|x64
		{1AD2E98D-6F03-41C1-9E48-7F3B73F1B2C6}.Debug|x64.Build.0 = Debug|x64
		{1AD2E98D-6F03-41C1-9E48-7F3B73F1B2C6}.Debug|x86.ActiveCfg = Debug|Win32
		{1AD2E98D-6F03-41C1-9E48-7F3B73F1B2C6}.Debug|x86.Build.0 = Debug|Win32
		{1AD2E98D-6F03-41C1-9E48-7F3B73F1B2C6}.Release|x64.ActiveCfg = Release|x64
		{1AD2E98D-6F03-41C1-9E48-7F3B73F1B2C6}.Release|x64.Build.0 = Release|x64
		{1AD2E98D-6F03-41C1-9E48-7F3B73F1B2C6}.Release|x86.ActiveCfg = Release|Win32
		{1AD2E98D-6F03-41C1-9E48-7F3B73F1B2C6}.Release|x86.Build.0 = Release|Win32
		{76DAF8BA-0339-4E18-B02C-A339A10770B2}.Debug|x64.ActiveCfg = Debug|x64
		{76DAF8BA-0339-4E18-B02C-A339A10770B2}.Debug|x64.Build.0 = Debug|x64
		{76DAF8BA-0339-4E18-B02C-A339A10770B2}.Debug|x86.ActiveCfg = Debug|Win32
		{76DAF8BA-0339-4E18-B02C-A339A10770B2}.Debug|x86.Build.0 = Debug|Win32
		{76DAF8BA-0339-4E18-B02C-A339A10770B2}.Release|x64.ActiveCfg = Release|x64
		{76DAF8BA-0339-4E18-B02C-A339A10770B2}.Release|x64.Build.0 = Release|x64
		{76DAF8BA-0339-4E18-B02C-A339A10770B2}.Release|x86.ActiveCfg = Release|Win32
		{76DAF8BA-0339-4E18-B02C-A339A10770B2}.Release|x86.Build.0 = Release|Win32
		{86CD6C3A-42F7-4DBD-8FB0-F9C39D476570}.Debug|x64.ActiveCfg = Debug|x64
		{86CD6C3A-42F7-4DBD-8FB0-F9C39D476570}.Debug|x64.Build.0 = Debug|x64
		{86CD6C3A-42F7-4DBD-8FB0-F9C39D476570}.Debug|x86.ActiveCfg = Debug|Win32
		{86CD6C3A-42F7-4DBD-8FB0-F9C39D476570}.Debug|x86.Build.0 = Debug|Win32
		{86CD6C3A-42F7-4DBD-8FB0-F9C39D476570}.Release|x64.ActiveCfg = Release|x64
		{86CD6C3A-42F7-4DBD-8FB0-F9C39D476570}.Release|x64.Build.0 = Release|x64
		{86CD6C3A-42F7-4DBD-8FB0-F9C39D476570}.Release|x86.ActiveCfg = Release|Win32
		{86CD6C3A-42F7-4DBD-8FB0-F9C39D476570}.Release|x86.Build.0 = Release|Win32
		{228CA351-B29D-49B1-B96B-9B4BDDF2910A}.Debug|x64.ActiveCfg = Debug|x64
		{228CA351-B29D-49B1-B96B-9B4BDDF2910A}.Debug|x64.Build.0 = Debug|x64
		{228CA351-B29D-49B1-B96B-9B4BDDF2910A}.Debug|x86.ActiveCfg = Debug|Win32
		{228CA351-B29D-49B1-B96B-9B4BDDF2910A}.Debug|x86.Build.0 = Debug|Win32
		{228CA351-B29D-49B1-B96B-9B4BDDF2910A}.Release|x64.ActiveCfg = Release|x64
		{228CA351-B29D-49B1-B96B-9B4BDDF2910A}.Release|x64.Build.0 = Release|x64
		{228CA351-B29D-49B1-B96B-9B4BDDF2910A}.Release|x86.ActiveCfg = Release|Win32
		{228CA351-B29D-49B1-B96B-9B4BDDF2910A}.Release|x86.Build.0 = Release|Win32
	EndGlobalSection
	GlobalSection(SolutionProperties) = preSolution
		HideSolutionNode = FALSE
	EndGlobalSection
	GlobalSection(ExtensibilityGlobals) = postSolution
		SolutionGuid = {77A6C299-785C-4BDB-9DF4-0066E5EDA9ED}
	EndGlobalSection
EndGlobal
